# @generated - this file is auto-generated by `mise lock` https://mise.jdx.dev/dev-tools/mise-lock.html

[[tools."github:chriserin/shy"]]
version = "0.1.15"
backend = "github:chriserin/shy"

[tools."github:chriserin/shy"."platforms.linux-arm64"]
checksum = "sha256:10c230e2e3646b4336803db110dd657ee634ba285fc48e30a6e0a2854680047e"
url = "https://github.com/chriserin/shy/releases/download/0.1.15/shy-0.1.15-linux-arm64.tar.gz"
url_api = "https://api.github.com/repos/chriserin/shy/releases/assets/527886558"

[tools."github:chriserin/shy"."platforms.linux-arm64-musl"]
checksum = "sha256:10c230e2e3646b4336803db110dd657ee634ba285fc48e30a6e0a2854680047e"
url = "https://github.com/chriserin/shy/releases/download/0.1.15/shy-0.1.15-linux-arm64.tar.gz"
url_api = "https://api.github.com/repos/chriserin/shy/releases/assets/527886558"

[tools."github:chriserin/shy"."platforms.linux-x64"]
checksum = "sha256:efdb672567693e375a9091641390fe656ba4593e5bc512d9ef471be545c7f2d2"
url = "https://github.com/chriserin/shy/releases/download/0.1.15/shy-0.1.15-linux-amd64.tar.gz"
url_api = "https://api.github.com/repos/chriserin/shy/releases/assets/527886561"

[tools."github:chriserin/shy"."platforms.linux-x64-musl"]
checksum = "sha256:efdb672567693e375a9091641390fe656ba4593e5bc512d9ef471be545c7f2d2"
url = "https://github.com/chriserin/shy/releases/download/0.1.15/shy-0.1.15-linux-amd64.tar.gz"
url_api = "https://api.github.com/repos/chriserin/shy/releases/assets/527886561"

[tools."github:chriserin/shy"."platforms.macos-arm64"]
checksum = "sha256:6e881b83293e8a787a2634026622189330b75a8e754ebb86400bc456b6811754"
url = "https://github.com/chriserin/shy/releases/download/0.1.15/shy-0.1.15-darwin-arm64.tar.gz"
url_api = "https://api.github.com/repos/chriserin/shy/releases/assets/527886562"

[tools."github:chriserin/shy"."platforms.macos-x64"]
checksum = "sha256:1c7b1a45227c599d4c54669377e5b2c1f6f6d4b678cb0ee34d02b847f47268ea"
url = "https://github.com/chriserin/shy/releases/download/0.1.15/shy-0.1.15-darwin-amd64.tar.gz"
url_api = "https://api.github.com/repos/chriserin/shy/releases/assets/527886560"

[tools."github:chriserin/shy"."platforms.windows-x64"]
checksum = "sha256:b2d8e67a39c452a5d47b0f8dd67e0aefa19a23d1f56669e636552df0a4d769d9"
url = "https://github.com/chriserin/shy/releases/download/0.1.15/shy-0.1.15-windows-amd64.zip"
url_api = "https://api.github.com/repos/chriserin/shy/releases/assets/527886559"

[[tools."github:chriserin/tama"]]
version = "0.1.2"
backend = "github:chriserin/tama"

[tools."github:chriserin/tama"."platforms.linux-arm64"]
checksum = "sha256:e5474eea5c8049c2aa6fc50da01e8d5a9e0c4c8534d336afd1dac7d59da14dfc"
url = "https://github.com/chriserin/tama/releases/download/v0.1.2/tama-v0.1.2-linux-arm64.tar.gz"
url_api = "https://api.github.com/repos/chriserin/tama/releases/assets/363011652"

[tools."github:chriserin/tama"."platforms.linux-arm64-musl"]
checksum = "sha256:e5474eea5c8049c2aa6fc50da01e8d5a9e0c4c8534d336afd1dac7d59da14dfc"
url = "https://github.com/chriserin/tama/releases/download/v0.1.2/tama-v0.1.2-linux-arm64.tar.gz"
url_api = "https://api.github.com/repos/chriserin/tama/releases/assets/363011652"

[tools."github:chriserin/tama"."platforms.linux-x64"]
checksum = "sha256:009023a34d0346e6e058e0175c6a175a04ee723efabcd615744ab415e8281ecc"
url = "https://github.com/chriserin/tama/releases/download/v0.1.2/tama-v0.1.2-linux-amd64.tar.gz"
url_api = "https://api.github.com/repos/chriserin/tama/releases/assets/363011651"

[tools."github:chriserin/tama"."platforms.linux-x64-musl"]
checksum = "sha256:009023a34d0346e6e058e0175c6a175a04ee723efabcd615744ab415e8281ecc"
url = "https://github.com/chriserin/tama/releases/download/v0.1.2/tama-v0.1.2-linux-amd64.tar.gz"
url_api = "https://api.github.com/repos/chriserin/tama/releases/assets/363011651"

[tools."github:chriserin/tama"."platforms.macos-arm64"]
checksum = "sha256:857cc735c6dfedb1007508642ada6237033630af2ef5390170742710d63710f6"
url = "https://github.com/chriserin/tama/releases/download/v0.1.2/tama-v0.1.2-darwin-arm64.tar.gz"
url_api = "https://api.github.com/repos/chriserin/tama/releases/assets/363011650"

[tools."github:chriserin/tama"."platforms.macos-x64"]
checksum = "sha256:01608d2cb0f7f7db459d67fc233ed2980125e4509d89d1b3081c0fe0188c44a4"
url = "https://github.com/chriserin/tama/releases/download/v0.1.2/tama-v0.1.2-darwin-amd64.tar.gz"
url_api = "https://api.github.com/repos/chriserin/tama/releases/assets/363011648"

[tools."github:chriserin/tama"."platforms.windows-x64"]
checksum = "sha256:ecc0193abd3d70236acf76df89c3b03098ee330493a5df2f9ea92547c84e4825"
url = "https://github.com/chriserin/tama/releases/download/v0.1.2/tama-v0.1.2-windows-amd64.zip"
url_api = "https://api.github.com/repos/chriserin/tama/releases/assets/363011653"

[[tools."github:chriserin/tour"]]
version = "0.1.1"
backend = "github:chriserin/tour"

[tools."github:chriserin/tour"."platforms.linux-arm64"]
checksum = "sha256:c3117449c54badaabb79347a558f28a78720c90d38050d0fd683af0c1d7053af"
url = "https://github.com/chriserin/tour/releases/download/0.1.1/tour-0.1.1-linux-arm64.tar.gz"
url_api = "https://api.github.com/repos/chriserin/tour/releases/assets/531070230"

[tools."github:chriserin/tour"."platforms.linux-arm64-musl"]
checksum = "sha256:c3117449c54badaabb79347a558f28a78720c90d38050d0fd683af0c1d7053af"
url = "https://github.com/chriserin/tour/releases/download/0.1.1/tour-0.1.1-linux-arm64.tar.gz"
url_api = "https://api.github.com/repos/chriserin/tour/releases/assets/531070230"

[tools."github:chriserin/tour"."platforms.linux-x64"]
checksum = "sha256:84f7189dbae78b3874b1a9a5ea6ca37ab83db970205c38776f6b1e7d590b6482"
url = "https://github.com/chriserin/tour/releases/download/0.1.1/tour-0.1.1-linux-amd64.tar.gz"
url_api = "https://api.github.com/repos/chriserin/tour/releases/assets/531070227"

[tools."github:chriserin/tour"."platforms.linux-x64-musl"]
checksum = "sha256:84f7189dbae78b3874b1a9a5ea6ca37ab83db970205c38776f6b1e7d590b6482"
url = "https://github.com/chriserin/tour/releases/download/0.1.1/tour-0.1.1-linux-amd64.tar.gz"
url_api = "https://api.github.com/repos/chriserin/tour/releases/assets/531070227"

[tools."github:chriserin/tour"."platforms.macos-arm64"]
checksum = "sha256:4135e7c9641681b43de756510fd9a2f020c99d01f25c024b9432cdd32e587208"
url = "https://github.com/chriserin/tour/releases/download/0.1.1/tour-0.1.1-darwin-arm64.tar.gz"
url_api = "https://api.github.com/repos/chriserin/tour/releases/assets/531070228"

[tools."github:chriserin/tour"."platforms.macos-x64"]
checksum = "sha256:5838ca9203cf71d2adf0ed24e484497501731709491dbc7eff3a050d75d89b3c"
url = "https://github.com/chriserin/tour/releases/download/0.1.1/tour-0.1.1-darwin-amd64.tar.gz"
url_api = "https://api.github.com/repos/chriserin/tour/releases/assets/531070229"

[tools."github:chriserin/tour"."platforms.windows-x64"]
checksum = "sha256:ee80cd108b28b81db1788ce0657191ec22ea73f87413e8e61e8ce8ec528eaf52"
url = "https://github.com/chriserin/tour/releases/download/0.1.1/tour-0.1.1-windows-amd64.zip"
url_api = "https://api.github.com/repos/chriserin/tour/releases/assets/531070223"
